
Microsoft Visual Studio Solution File, Format Version 12.00
# Visual Studio Version 16
VisualStudioVersion = 16.0.30907.101
MinimumVisualStudioVersion = 10.0.40219.1
Project("{9A19103F-16F7-4668-BE54-9A1E7A4F7556}") = "DataLib", "DataLib\DataLib.csproj", "{59EAA1B5-7FE4-4B58-89AB-BEA5F67AE4FE}"
EndProject
Project("{FAE04EC0-301F-11D3-BF4B-00C04F79EFBC}") = "UnitTests", "UnitTests\UnitTests.csproj", "{2873F511-0B91-437C-9914-F2A20543FF17}"
EndProject
Global
	GlobalSection(SolutionConfigurationPlatforms) = preSolution
		Debug|Any CPU = Debug|Any CPU
		Release|Any CPU = Release|Any CPU
	EndGlobalSection
	GlobalSection(ProjectConfigurationPlatforms) = postSolution
		{59EAA1B5-7FE4-4B58-89AB-BEA5F67AE4FE}.Debug|Any CPU.ActiveCfg = Debug|Any CPU
		{59EAA1B5-7FE4-4B58-89AB-BEA5F67AE4FE}.Debug|Any CPU.Build.0 = Debug|Any CPU
		{59EAA1B5-7FE4-4B58-89AB-BEA5F67AE4FE}.Release|Any CPU.ActiveCfg = Release|Any CPU
		{59EAA1B5-7FE4-4B58-89AB-BEA5F67AE4FE}.Release|Any CPU.Build.0 = Release|Any CPU
		{2873F511-0B91-437C-9914-F2A20543FF17}.Debug|Any CPU.ActiveCfg = Debug|Any CPU
		{2873F511-0B91-437C-9914-F2A20543FF17}.Debug|Any CPU.Build.0 = Debug|Any CPU
		{2873F511-0B91-437C-9914-F2A20543FF17}.Release|Any CPU.ActiveCfg = Release|Any CPU
		{2873F511-0B91-437C-9914-F2A20543FF17}.Release|Any CPU.Build.0 = Release|Any CPU
	EndGlobalSection
	GlobalSection(SolutionProperties) = preSolution
		HideSolutionNode = FALSE
	EndGlobalSection
	GlobalSection(ExtensibilityGlobals) = postSolution
		SolutionGuid = {0285BD9C-CC98-41BC-A9EE-B0C1654C0D78}
	EndGlobalSection
EndGlobal
